
Microsoft Visual Studio Solution File, Format Version 12.00
# Visual Studio Version 16
VisualStudioVersion = 16.0.33927.289
MinimumVisualStudioVersion = 10.0.40219.1
Project("{2150E333-8FDC-42A3-9474-1A3956D46DE8}") = "Task0", "Task0", "{C437DD09-62C0-4A8C-8DDB-66A9B17C2EB2}"
EndProject
Project("{2150E333-8FDC-42A3-9474-1A3956D46DE8}") = "Task1", "Task1", "{4E05F3C8-9D2A-4948-992D-3AFC8B60E1ED}"
EndProject
Project("{2150E333-8FDC-42A3-9474-1A3956D46DE8}") = "Task2", "Task2", "{E0F4B57D-1D7F-498A-9BE8-2926C3397DDD}"
EndProject
Project("{FAE04EC0-301F-11D3-BF4B-00C04F79EFBC}") = "Tyuiu.ZaripovEO.Sprint1.Task0.V13", "Tyuiu.ZaripovEO.Sprint1.Task0.V13\Tyuiu.ZaripovEO.Sprint1.Task0.V13.csproj", "{8440CC03-9452-4BC1-865B-AC95DFFB9AB4}"
EndProject
Project("{FAE04EC0-301F-11D3-BF4B-00C04F79EFBC}") = "Tyuiu.ZaripovEO.Sprint1.Task0.V13.Lib", "Tyuiu.ZaripovEO.Sprint1.Task0.V13.Lib\Tyuiu.ZaripovEO.Sprint1.Task0.V13.Lib.csproj", "{18FA4349-CDEC-4D76-B7C2-ECF30F9B3222}"
EndProject
Project("{FAE04EC0-301F-11D3-BF4B-00C04F79EFBC}") = "Tyuiu.ZaripovEO.Sprint1.Task0.V13.Test", "Tyuiu.ZaripovEO.Sprint1.Task0.V13.Test\Tyuiu.ZaripovEO.Sprint1.Task0.V13.Test.csproj", "{4C1163EA-BE83-4327-AA98-C19F292E8054}"
EndProject
Project("{FAE04EC0-301F-11D3-BF4B-00C04F79EFBC}") = "Tyuiu.ZaripovEO.Sprint1.Task1.V12.Test", "Tyuiu.ZaripovEO.Sprint1.Task1.V12.Test\Tyuiu.ZaripovEO.Sprint1.Task1.V12.Test.csproj", "{B33BE1C5-6A8C-4078-B322-48732F145ED2}"
EndProject
Project("{FAE04EC0-301F-11D3-BF4B-00C04F79EFBC}") = "Tyuiu.ZaripovEO.Sprint1.Task1.V12.Lib", "Tyuiu.ZaripovEO.Sprint1.Task2.V12.Lib\Tyuiu.ZaripovEO.Sprint1.Task1.V12.Lib.csproj", "{E4729527-6066-497E-A5F7-DE84F2F67062}"
EndProject
Project("{FAE04EC0-301F-11D3-BF4B-00C04F79EFBC}") = "Tyuiu.ZaripovEO.Sprint1.Task1.V12", "Tyuiu.ZaripovEO.Sprint1.Task2.V12\Tyuiu.ZaripovEO.Sprint1.Task1.V12.csproj", "{B9131737-3129-46C0-B240-331B747C0C09}"
EndProject
Project("{FAE04EC0-301F-11D3-BF4B-00C04F79EFBC}") = "Tyuiu.ZaripovEO.Sprint1.Task2.V29", "Tyuiu.ZaripovEO.Sprint1.Task2.V29\Tyuiu.ZaripovEO.Sprint1.Task2.V29.csproj", "{4D66C431-F27C-4EC4-B05A-D5DC469ACDF8}"
EndProject
Project("{FAE04EC0-301F-11D3-BF4B-00C04F79EFBC}") = "Tyuiu.ZaripovEO.Sprint1.Task2.V29.Lib", "Tyuiu.ZaripovEO.Sprint1.Task2.V29.Lib\Tyuiu.ZaripovEO.Sprint1.Task2.V29.Lib.csproj", "{D0C1DC40-4A9E-42F9-B24F-4C7027CF4D36}"
EndProject
Project("{FAE04EC0-301F-11D3-BF4B-00C04F79EFBC}") = "Tyuiu.ZaripovEO.Sprint1.Task2.V29.Test", "Tyuiu.ZaripovEO.Sprint1.Task2.V29.Test\Tyuiu.ZaripovEO.Sprint1.Task2.V29.Test.csproj", "{9D0C12A1-A9D6-4F57-877E-DC7E924DBC59}"
EndProject
Project("{2150E333-8FDC-42A3-9474-1A3956D46DE8}") = "Task3", "Task3", "{9429E6C3-E33B-4117-BE60-312A315B6EE7}"
EndProject
Project("{FAE04EC0-301F-11D3-BF4B-00C04F79EFBC}") = "Tyuiu.ZaripovEO.Sprint1.Task3.V8", "Tyuiu.ZaripovEO.Sprint1.Task3.V8\Tyuiu.ZaripovEO.Sprint1.Task3.V8.csproj", "{DA782D48-CEB7-4370-B3D6-544C2269D18D}"
EndProject
Project("{FAE04EC0-301F-11D3-BF4B-00C04F79EFBC}") = "Tyuiu.ZaripovEO.Sprint1.Task3.V8.Test", "Tyuiu.ZaripovEO.Sprint1.Task3.V8.Test\Tyuiu.ZaripovEO.Sprint1.Task3.V8.Test.csproj", "{EC4B00C8-DEFF-4725-9DFE-58F5E46ECA51}"
EndProject
Project("{FAE04EC0-301F-11D3-BF4B-00C04F79EFBC}") = "Tyuiu.ZaripovEO.Sprint1.Task3.V8.Lib", "Tyuiu.ZaripovEO.Sprint1.Task3.V8.Lib\Tyuiu.ZaripovEO.Sprint1.Task3.V8.Lib.csproj", "{0661CD2E-650C-4501-B700-1C6B53A96A3B}"
EndProject
Project("{2150E333-8FDC-42A3-9474-1A3956D46DE8}") = "Task4", "Task4", "{1C5A4468-1794-4576-ABA6-A4B96B4EC90A}"
EndProject
Project("{FAE04EC0-301F-11D3-BF4B-00C04F79EFBC}") = "Tyuiu.ZaripovEO.Sprint1.Task4.V12.Lib", "Tyuiu.ZaripovEO.Sprint1.Task4.V12.Lib\Tyuiu.ZaripovEO.Sprint1.Task4.V12.Lib.csproj", "{F87C0C74-89B8-429A-96AC-FD7BFF7EC2B6}"
EndProject
Project("{FAE04EC0-301F-11D3-BF4B-00C04F79EFBC}") = "Tyuiu.ZaripovEO.Sprint1.Task4.V12.Test", "Tyuiu.ZaripovEO.Sprint1.Task4.V12.Test\Tyuiu.ZaripovEO.Sprint1.Task4.V12.Test.csproj", "{D66BE72F-074B-470F-BB03-6A7B554DB2F2}"
EndProject
Project("{FAE04EC0-301F-11D3-BF4B-00C04F79EFBC}") = "Tyuiu.ZaripovEO.Sprint1.Task4.V12", "Tyuiu.ZaripovEO.Sprint1.Task4.V12\Tyuiu.ZaripovEO.Sprint1.Task4.V12.csproj", "{9D77DC1C-9572-49AD-A3EB-5074CF787CF6}"
EndProject
Project("{2150E333-8FDC-42A3-9474-1A3956D46DE8}") = "Task5", "Task5", "{23EB9F36-26D1-4A0C-8F0D-E5267B7CDF91}"
EndProject
Project("{FAE04EC0-301F-11D3-BF4B-00C04F79EFBC}") = "Tyuiu.ZaripovEO.Sprint1.Task5.V5.Test", "Tyuiu.ZaripovEO.Sprint1.Task5.V5.Test\Tyuiu.ZaripovEO.Sprint1.Task5.V5.Test.csproj", "{840856C4-AC1A-4592-BA81-9F0D1795DC67}"
EndProject
Project("{FAE04EC0-301F-11D3-BF4B-00C04F79EFBC}") = "Tyuiu.ZaripovEO.Sprint1.Task5.V5.Lib", "Tyuiu.ZaripovEO.Sprint1.Task5.V5.Lib\Tyuiu.ZaripovEO.Sprint1.Task5.V5.Lib.csproj", "{16B25BA6-A516-42B4-8828-9E14EA98A0FC}"
EndProject
Project("{FAE04EC0-301F-11D3-BF4B-00C04F79EFBC}") = "Tyuiu.ZaripovEO.Sprint1.Task5.V5", "Tyuiu.ZaripovEO.Sprint1.Task5.V5\Tyuiu.ZaripovEO.Sprint1.Task5.V5.csproj", "{853D421E-B8CD-4A41-B781-62F76ED3D5A3}"
EndProject
Global
	GlobalSection(SolutionConfigurationPlatforms) = preSolution
		Debug|Any CPU = Debug|Any CPU
		Release|Any CPU = Release|Any CPU
	EndGlobalSection
	GlobalSection(ProjectConfigurationPlatforms) = postSolution
		{8440CC03-9452-4BC1-865B-AC95DFFB9AB4}.Debug|Any CPU.ActiveCfg = Debug|Any CPU
		{8440CC03-9452-4BC1-865B-AC95DFFB9AB4}.Debug|Any CPU.Build.0 = Debug|Any CPU
		{8440CC03-9452-4BC1-865B-AC95DFFB9AB4}.Release|Any CPU.ActiveCfg = Release|Any CPU
		{8440CC03-9452-4BC1-865B-AC95DFFB9AB4}.Release|Any CPU.Build.0 = Release|Any CPU
		{18FA4349-CDEC-4D76-B7C2-ECF30F9B3222}.Debug|Any CPU.ActiveCfg = Debug|Any CPU
		{18FA4349-CDEC-4D76-B7C2-ECF30F9B3222}.Debug|Any CPU.Build.0 = Debug|Any CPU
		{18FA4349-CDEC-4D76-B7C2-ECF30F9B3222}.Release|Any CPU.ActiveCfg = Release|Any CPU
		{18FA4349-CDEC-4D76-B7C2-ECF30F9B3222}.Release|Any CPU.Build.0 = Release|Any CPU
		{4C1163EA-BE83-4327-AA98-C19F292E8054}.Debug|Any CPU.ActiveCfg = Debug|Any CPU
		{4C1163EA-BE83-4327-AA98-C19F292E8054}.Debug|Any CPU.Build.0 = Debug|Any CPU
		{4C1163EA-BE83-4327-AA98-C19F292E8054}.Release|Any CPU.ActiveCfg = Release|Any CPU
		{4C1163EA-BE83-4327-AA98-C19F292E8054}.Release|Any CPU.Build.0 = Release|Any CPU
		{B33BE1C5-6A8C-4078-B322-48732F145ED2}.Debug|Any CPU.ActiveCfg = Debug|Any CPU
		{B33BE1C5-6A8C-4078-B322-48732F145ED2}.Debug|Any CPU.Build.0 = Debug|Any CPU
		{B33BE1C5-6A8C-4078-B322-48732F145ED2}.Release|Any CPU.ActiveCfg = Release|Any CPU
		{B33BE1C5-6A8C-4078-B322-48732F145ED2}.Release|Any CPU.Build.0 = Release|Any CPU
		{E4729527-6066-497E-A5F7-DE84F2F67062}.Debug|Any CPU.ActiveCfg = Debug|Any CPU
		{E4729527-6066-497E-A5F7-DE84F2F67062}.Debug|Any CPU.Build.0 = Debug|Any CPU
		{E4729527-6066-497E-A5F7-DE84F2F67062}.Release|Any CPU.ActiveCfg = Release|Any CPU
		{E4729527-6066-497E-A5F7-DE84F2F67062}.Release|Any CPU.Build.0 = Release|Any CPU
		{B9131737-3129-46C0-B240-331B747C0C09}.Debug|Any CPU.ActiveCfg = Debug|Any CPU
		{B9131737-3129-46C0-B240-331B747C0C09}.Debug|Any CPU.Build.0 = Debug|Any CPU
		{B9131737-3129-46C0-B240-331B747C0C09}.Release|Any CPU.ActiveCfg = Release|Any CPU
		{B9131737-3129-46C0-B240-331B747C0C09}.Release|Any CPU.Build.0 = Release|Any CPU
		{4D66C431-F27C-4EC4-B05A-D5DC469ACDF8}.Debug|Any CPU.ActiveCfg = Debug|Any CPU
		{4D66C431-F27C-4EC4-B05A-D5DC469ACDF8}.Debug|Any CPU.Build.0 = Debug|Any CPU
		{4D66C431-F27C-4EC4-B05A-D5DC469ACDF8}.Release|Any CPU.ActiveCfg = Release|Any CPU
		{4D66C431-F27C-4EC4-B05A-D5DC469ACDF8}.Release|Any CPU.Build.0 = Release|Any CPU
		{D0C1DC40-4A9E-42F9-B24F-4C7027CF4D36}.Debug|Any CPU.ActiveCfg = Debug|Any CPU
		{D0C1DC40-4A9E-42F9-B24F-4C7027CF4D36}.Debug|Any CPU.Build.0 = Debug|Any CPU
		{D0C1DC40-4A9E-42F9-B24F-4C7027CF4D36}.Release|Any CPU.ActiveCfg = Release|Any CPU
		{D0C1DC40-4A9E-42F9-B24F-4C7027CF4D36}.Release|Any CPU.Build.0 = Release|Any CPU
		{9D0C12A1-A9D6-4F57-877E-DC7E924DBC59}.Debug|Any CPU.ActiveCfg = Debug|Any CPU
		{9D0C12A1-A9D6-4F57-877E-DC7E924DBC59}.Debug|Any CPU.Build.0 = Debug|Any CPU
		{9D0C12A1-A9D6-4F57-877E-DC7E924DBC59}.Release|Any CPU.ActiveCfg = Release|Any CPU
		{9D0C12A1-A9D6-4F57-877E-DC7E924DBC59}.Release|Any CPU.Build.0 = Release|Any CPU
		{DA782D48-CEB7-4370-B3D6-544C2269D18D}.Debug|Any CPU.ActiveCfg = Debug|Any CPU
		{DA782D48-CEB7-4370-B3D6-544C2269D18D}.Debug|Any CPU.Build.0 = Debug|Any CPU
		{DA782D48-CEB7-4370-B3D6-544C2269D18D}.Release|Any CPU.ActiveCfg = Release|Any CPU
		{DA782D48-CEB7-4370-B3D6-544C2269D18D}.Release|Any CPU.Build.0 = Release|Any CPU
		{EC4B00C8-DEFF-4725-9DFE-58F5E46ECA51}.Debug|Any CPU.ActiveCfg = Debug|Any CPU
		{EC4B00C8-DEFF-4725-9DFE-58F5E46ECA51}.Debug|Any CPU.Build.0 = Debug|Any CPU
		{EC4B00C8-DEFF-4725-9DFE-58F5E46ECA51}.Release|Any CPU.ActiveCfg = Release|Any CPU
		{EC4B00C8-DEFF-4725-9DFE-58F5E46ECA51}.Release|Any CPU.Build.0 = Release|Any CPU
		{0661CD2E-650C-4501-B700-1C6B53A96A3B}.Debug|Any CPU.ActiveCfg = Debug|Any CPU
		{0661CD2E-650C-4501-B700-1C6B53A96A3B}.Debug|Any CPU.Build.0 = Debug|Any CPU
		{0661CD2E-650C-4501-B700-1C6B53A96A3B}.Release|Any CPU.ActiveCfg = Release|Any CPU
		{0661CD2E-650C-4501-B700-1C6B53A96A3B}.Release|Any CPU.Build.0 = Release|Any CPU
		{F87C0C74-89B8-429A-96AC-FD7BFF7EC2B6}.Debug|Any CPU.ActiveCfg = Debug|Any CPU
		{F87C0C74-89B8-429A-96AC-FD7BFF7EC2B6}.Debug|Any CPU.Build.0 = Debug|Any CPU
		{F87C0C74-89B8-429A-96AC-FD7BFF7EC2B6}.Release|Any CPU.ActiveCfg = Release|Any CPU
		{F87C0C74-89B8-429A-96AC-FD7BFF7EC2B6}.Release|Any CPU.Build.0 = Release|Any CPU
		{D66BE72F-074B-470F-BB03-6A7B554DB2F2}.Debug|Any CPU.ActiveCfg = Debug|Any CPU
		{D66BE72F-074B-470F-BB03-6A7B554DB2F2}.Debug|Any CPU.Build.0 = Debug|Any CPU
		{D66BE72F-074B-470F-BB03-6A7B554DB2F2}.Release|Any CPU.ActiveCfg = Release|Any CPU
		{D66BE72F-074B-470F-BB03-6A7B554DB2F2}.Release|Any CPU.Build.0 = Release|Any CPU
		{9D77DC1C-9572-49AD-A3EB-5074CF787CF6}.Debug|Any CPU.ActiveCfg = Debug|Any CPU
		{9D77DC1C-9572-49AD-A3EB-5074CF787CF6}.Debug|Any CPU.Build.0 = Debug|Any CPU
		{9D77DC1C-9572-49AD-A3EB-5074CF787CF6}.Release|Any CPU.ActiveCfg = Release|Any CPU
		{9D77DC1C-9572-49AD-A3EB-5074CF787CF6}.Release|Any CPU.Build.0 = Release|Any CPU
		{840856C4-AC1A-4592-BA81-9F0D1795DC67}.Debug|Any CPU.ActiveCfg = Debug|Any CPU
		{840856C4-AC1A-4592-BA81-9F0D1795DC67}.Debug|Any CPU.Build.0 = Debug|Any CPU
		{840856C4-AC1A-4592-BA81-9F0D1795DC67}.Release|Any CPU.ActiveCfg = Release|Any CPU
		{840856C4-AC1A-4592-BA81-9F0D1795DC67}.Release|Any CPU.Build.0 = Release|Any CPU
		{16B25BA6-A516-42B4-8828-9E14EA98A0FC}.Debug|Any CPU.ActiveCfg = Debug|Any CPU
		{16B25BA6-A516-42B4-8828-9E14EA98A0FC}.Debug|Any CPU.Build.0 = Debug|Any CPU
		{16B25BA6-A516-42B4-8828-9E14EA98A0FC}.Release|Any CPU.ActiveCfg = Release|Any CPU
		{16B25BA6-A516-42B4-8828-9E14EA98A0FC}.Release|Any CPU.Build.0 = Release|Any CPU
		{853D421E-B8CD-4A41-B781-62F76ED3D5A3}.Debug|Any CPU.ActiveCfg = Debug|Any CPU
		{853D421E-B8CD-4A41-B781-62F76ED3D5A3}.Debug|Any CPU.Build.0 = Debug|Any CPU
		{853D421E-B8CD-4A41-B781-62F76ED3D5A3}.Release|Any CPU.ActiveCfg = Release|Any CPU
		{853D421E-B8CD-4A41-B781-62F76ED3D5A3}.Release|Any CPU.Build.0 = Release|Any CPU
	EndGlobalSection
	GlobalSection(SolutionProperties) = preSolution
		HideSolutionNode = FALSE
	EndGlobalSection
	GlobalSection(NestedProjects) = preSolution
		{8440CC03-9452-4BC1-865B-AC95DFFB9AB4} = {C437DD09-62C0-4A8C-8DDB-66A9B17C2EB2}
		{18FA4349-CDEC-4D76-B7C2-ECF30F9B3222} = {C437DD09-62C0-4A8C-8DDB-66A9B17C2EB2}
		{4C1163EA-BE83-4327-AA98-C19F292E8054} = {C437DD09-62C0-4A8C-8DDB-66A9B17C2EB2}
		{B33BE1C5-6A8C-4078-B322-48732F145ED2} = {4E05F3C8-9D2A-4948-992D-3AFC8B60E1ED}
		{E4729527-6066-497E-A5F7-DE84F2F67062} = {4E05F3C8-9D2A-4948-992D-3AFC8B60E1ED}
		{B9131737-3129-46C0-B240-331B747C0C09} = {4E05F3C8-9D2A-4948-992D-3AFC8B60E1ED}
		{4D66C431-F27C-4EC4-B05A-D5DC469ACDF8} = {E0F4B57D-1D7F-498A-9BE8-2926C3397DDD}
		{D0C1DC40-4A9E-42F9-B24F-4C7027CF4D36} = {E0F4B57D-1D7F-498A-9BE8-2926C3397DDD}
		{9D0C12A1-A9D6-4F57-877E-DC7E924DBC59} = {E0F4B57D-1D7F-498A-9BE8-2926C3397DDD}
		{DA782D48-CEB7-4370-B3D6-544C2269D18D} = {9429E6C3-E33B-4117-BE60-312A315B6EE7}
		{EC4B00C8-DEFF-4725-9DFE-58F5E46ECA51} = {9429E6C3-E33B-4117-BE60-312A315B6EE7}
		{0661CD2E-650C-4501-B700-1C6B53A96A3B} = {9429E6C3-E33B-4117-BE60-312A315B6EE7}
		{F87C0C74-89B8-429A-96AC-FD7BFF7EC2B6} = {1C5A4468-1794-4576-ABA6-A4B96B4EC90A}
		{D66BE72F-074B-470F-BB03-6A7B554DB2F2} = {1C5A4468-1794-4576-ABA6-A4B96B4EC90A}
		{9D77DC1C-9572-49AD-A3EB-5074CF787CF6} = {1C5A4468-1794-4576-ABA6-A4B96B4EC90A}
		{840856C4-AC1A-4592-BA81-9F0D1795DC67} = {23EB9F36-26D1-4A0C-8F0D-E5267B7CDF91}
		{16B25BA6-A516-42B4-8828-9E14EA98A0FC} = {23EB9F36-26D1-4A0C-8F0D-E5267B7CDF91}
		{853D421E-B8CD-4A41-B781-62F76ED3D5A3} = {23EB9F36-26D1-4A0C-8F0D-E5267B7CDF91}
	EndGlobalSection
	GlobalSection(ExtensibilityGlobals) = postSolution
		SolutionGuid = {BB56F799-4B07-426D-AAF6-995BDBB86BA5}
	EndGlobalSection
EndGlobal
